
Microsoft Visual Studio Solution File, Format Version 12.00
# Visual Studio 15
VisualStudioVersion = 15.0.27428.2043
MinimumVisualStudioVersion = 10.0.40219.1
Project("{FAE04EC0-301F-11D3-BF4B-00C04F79EFBC}") = "ForgetTheMilk", "ForgetTheMilk\ForgetTheMilk.csproj", "{56383F55-23D8-4FF9-B372-BAC1C4F80E11}"
EndProject
Project("{FAE04EC0-301F-11D3-BF4B-00C04F79EFBC}") = "ConsoleVerification", "ConsoleVerification\ConsoleVerification.csproj", "{7F57EAFA-4DE7-4B3C-BE46-68203071263A}"
EndProject
Global
	GlobalSection(SolutionConfigurationPlatforms) = preSolution
		Debug|Any CPU = Debug|Any CPU
		Release|Any CPU = Release|Any CPU
	EndGlobalSection
	GlobalSection(ProjectConfigurationPlatforms) = postSolution
		{56383F55-23D8-4FF9-B372-BAC1C4F80E11}.Debug|Any CPU.ActiveCfg = Debug|Any CPU
		{56383F55-23D8-4FF9-B372-BAC1C4F80E11}.Debug|Any CPU.Build.0 = Debug|Any CPU
		{56383F55-23D8-4FF9-B372-BAC1C4F80E11}.Release|Any CPU.ActiveCfg = Release|Any CPU
		{56383F55-23D8-4FF9-B372-BAC1C4F80E11}.Release|Any CPU.Build.0 = Release|Any CPU
		{7F57EAFA-4DE7-4B3C-BE46-68203071263A}.Debug|Any CPU.ActiveCfg = Debug|Any CPU
		{7F57EAFA-4DE7-4B3C-BE46-68203071263A}.Debug|Any CPU.Build.0 = Debug|Any CPU
		{7F57EAFA-4DE7-4B3C-BE46-68203071263A}.Release|Any CPU.ActiveCfg = Release|Any CPU
		{7F57EAFA-4DE7-4B3C-BE46-68203071263A}.Release|Any CPU.Build.0 = Release|Any CPU
	EndGlobalSection
	GlobalSection(SolutionProperties) = preSolution
		HideSolutionNode = FALSE
	EndGlobalSection
	GlobalSection(ExtensibilityGlobals) = postSolution
		SolutionGuid = {0BAC29A6-C9B0-4E71-B278-1B18C5C8D995}
	EndGlobalSection
EndGlobal
